
Microsoft Visual Studio Solution File, Format Version 12.00
# Visual Studio Version 16
VisualStudioVersion = 16.0.31702.278
MinimumVisualStudioVersion = 10.0.40219.1
Project("{8BC9CEB8-8B4A-11D0-8D11-00A0C91BC942}") = "Щетинин", "Щетинин\Щетинин.vcxproj", "{CE160D01-2AF8-4191-AC96-D0DFAD40D467}"
EndProject
Global
	GlobalSection(SolutionConfigurationPlatforms) = preSolution
		Debug|x64 = Debug|x64
		Debug|x86 = Debug|x86
		Release|x64 = Release|x64
		Release|x86 = Release|x86
	EndGlobalSection
	GlobalSection(ProjectConfigurationPlatforms) = postSolution
		{CE160D01-2AF8-4191-AC96-D0DFAD40D467}.Debug|x64.ActiveCfg = Debug|x64
		{CE160D01-2AF8-4191-AC96-D0DFAD40D467}.Debug|x64.Build.0 = Debug|x64
		{CE160D01-2AF8-4191-AC96-D0DFAD40D467}.Debug|x86.ActiveCfg = Debug|Win32
		{CE160D01-2AF8-4191-AC96-D0DFAD40D467}.Debug|x86.Build.0 = Debug|Win32
		{CE160D01-2AF8-4191-AC96-D0DFAD40D467}.Release|x64.ActiveCfg = Release|x64
		{CE160D01-2AF8-4191-AC96-D0DFAD40D467}.Release|x64.Build.0 = Release|x64
		{CE160D01-2AF8-4191-AC96-D0DFAD40D467}.Release|x86.ActiveCfg = Release|Win32
		{CE160D01-2AF8-4191-AC96-D0DFAD40D467}.Release|x86.Build.0 = Release|Win32
	EndGlobalSection
	GlobalSection(SolutionProperties) = preSolution
		HideSolutionNode = FALSE
	EndGlobalSection
	GlobalSection(ExtensibilityGlobals) = postSolution
		SolutionGuid = {9F09C2EA-80BB-4E88-AB3D-86FDCD32512A}
	EndGlobalSection
EndGlobal
